<?xml version="1.0" encoding="utf-8"?>
<Project ToolsVersion="4.0" xmlns="http://schemas.microsoft.com/developer/msbuild/2003">
  <ItemGroup>
    <Filter Include="Исходные файлы">
      <UniqueIdentifier>{4FC737F1-C7A5-4376-A066-2A32D752A2FF}</UniqueIdentifier>
      <Extensions>cpp;c;cc;cxx;c++;cppm;ixx;def;odl;idl;hpj;bat;asm;asmx</Extensions>
    </Filter>
    <Filter Include="Файлы заголовков">
      <UniqueIdentifier>{93995380-89BD-4b04-88EB-625FBE52EBFB}</UniqueIdentifier>
      <Extensions>h;hh;hpp;hxx;h++;hm;inl;inc;ipp;xsd</Extensions>
    </Filter>
    <Filter Include="Файлы ресурсов">
      <UniqueIdentifier>{67DA6AB6-F800-4c08-8B7A-83BB121AAD01}</UniqueIdentifier>
      <Extensions>rc;ico;cur;bmp;dlg;rc2;rct;bin;rgs;gif;jpg;jpeg;jpe;resx;tiff;tif;png;wav;mfcribbon-ms</Extensions>
    </Filter>
  </ItemGroup>
  <ItemGroup>
    <ClCompile Include="main.cpp">
      <Filter>Исходные файлы</Filter>
    </ClCompile>
    <ClCompile Include="Entity.cpp">
      <Filter>Исходные файлы</Filter>
    </ClCompile>
    <ClCompile Include="Zombie.cpp">
      <Filter>Исходные файлы</Filter>
    </ClCompile>
    <ClCompile Include="BasicZombie.cpp">
      <Filter>Исходные файлы</Filter>
    </ClCompile>
    <ClCompile Include="Plant.cpp">
      <Filter>Исходные файлы</Filter>
    </ClCompile>
    <ClCompile Include="PeaShooter.cpp">
      <Filter>Исходные файлы</Filter>
    </ClCompile>
    <ClCompile Include="AssetManager.cpp">
      <Filter>Исходные файлы</Filter>
    </ClCompile>
    <ClCompile Include="Game.cpp">
      <Filter>Исходные файлы</Filter>
    </ClCompile>
    <ClCompile Include="MapManager.cpp">
      <Filter>Исходные файлы</Filter>
    </ClCompile>
    <ClCompile Include="Cell.cpp">
      <Filter>Исходные файлы</Filter>
    </ClCompile>
    <ClCompile Include="Grass.cpp">
      <Filter>Исходные файлы</Filter>
    </ClCompile>
    <ClCompile Include="Movable.cpp">
      <Filter>Исходные файлы</Filter>
    </ClCompile>
    <ClCompile Include="Animator.cpp">
      <Filter>Исходные файлы</Filter>
    </ClCompile>
    <ClCompile Include="Shot.cpp">
      <Filter>Исходные файлы</Filter>
    </ClCompile>
    <ClCompile Include="Pea.cpp">
      <Filter>Исходные файлы</Filter>
    </ClCompile>
    <ClCompile Include="WallNut.cpp">
      <Filter>Исходные файлы</Filter>
    </ClCompile>
    <ClCompile Include="SunFlower.cpp">
      <Filter>Исходные файлы</Filter>
    </ClCompile>
    <ClCompile Include="PotatoMine.cpp">
      <Filter>Исходные файлы</Filter>
    </ClCompile>
    <ClCompile Include="Boom.cpp">
      <Filter>Исходные файлы</Filter>
    </ClCompile>
    <ClCompile Include="PotatoBoom.cpp">
      <Filter>Исходные файлы</Filter>
    </ClCompile>
    <ClCompile Include="CherryBomb.cpp">
      <Filter>Исходные файлы</Filter>
    </ClCompile>
    <ClCompile Include="CherryBoom.cpp">
      <Filter>Исходные файлы</Filter>
    </ClCompile>
    <ClCompile Include="Card.cpp">
      <Filter>Исходные файлы</Filter>
    </ClCompile>
    <ClCompile Include="Sun.cpp">
      <Filter>Исходные файлы</Filter>
    </ClCompile>
    <ClCompile Include="ConeZombie.cpp">
      <Filter>Исходные файлы</Filter>
    </ClCompile>
    <ClCompile Include="BucketZombie.cpp">
      <Filter>Исходные файлы</Filter>
    </ClCompile>
    <ClCompile Include="PoleZombie.cpp">
      <Filter>Исходные файлы</Filter>
    </ClCompile>
  </ItemGroup>
  <ItemGroup>
    <None Include="openal32.dll">
      <Filter>Файлы ресурсов</Filter>
    </None>
    <None Include="sfml-audio-2.dll">
      <Filter>Файлы ресурсов</Filter>
    </None>
    <None Include="sfml-audio-d-2.dll">
      <Filter>Файлы ресурсов</Filter>
    </None>
    <None Include="sfml-graphics-2.dll">
      <Filter>Файлы ресурсов</Filter>
    </None>
    <None Include="sfml-graphics-d-2.dll">
      <Filter>Файлы ресурсов</Filter>
    </None>
    <None Include="sfml-network-2.dll">
      <Filter>Файлы ресурсов</Filter>
    </None>
    <None Include="sfml-network-d-2.dll">
      <Filter>Файлы ресурсов</Filter>
    </None>
    <None Include="sfml-system-2.dll">
      <Filter>Файлы ресурсов</Filter>
    </None>
    <None Include="sfml-system-d-2.dll">
      <Filter>Файлы ресурсов</Filter>
    </None>
    <None Include="sfml-window-2.dll">
      <Filter>Файлы ресурсов</Filter>
    </None>
    <None Include="sfml-window-d-2.dll">
      <Filter>Файлы ресурсов</Filter>
    </None>
  </ItemGroup>
  <ItemGroup>
    <ClInclude Include="Animator.h">
      <Filter>Файлы заголовков</Filter>
    </ClInclude>
    <ClInclude Include="AssetManager.h">
      <Filter>Файлы заголовков</Filter>
    </ClInclude>
    <ClInclude Include="BasicZombie.h">
      <Filter>Файлы заголовков</Filter>
    </ClInclude>
    <ClInclude Include="Boom.h">
      <Filter>Файлы заголовков</Filter>
    </ClInclude>
    <ClInclude Include="BucketZombie.h">
      <Filter>Файлы заголовков</Filter>
    </ClInclude>
    <ClInclude Include="Card.h">
      <Filter>Файлы заголовков</Filter>
    </ClInclude>
    <ClInclude Include="Cell.h">
      <Filter>Файлы заголовков</Filter>
    </ClInclude>
    <ClInclude Include="CherryBomb.h">
      <Filter>Файлы заголовков</Filter>
    </ClInclude>
    <ClInclude Include="CherryBoom.h">
      <Filter>Файлы заголовков</Filter>
    </ClInclude>
    <ClInclude Include="ConeZombie.h">
      <Filter>Файлы заголовков</Filter>
    </ClInclude>
    <ClInclude Include="Entities.h">
      <Filter>Файлы заголовков</Filter>
    </ClInclude>
    <ClInclude Include="Entity.h">
      <Filter>Файлы заголовков</Filter>
    </ClInclude>
    <ClInclude Include="Game.h">
      <Filter>Файлы заголовков</Filter>
    </ClInclude>
    <ClInclude Include="Grass.h">
      <Filter>Файлы заголовков</Filter>
    </ClInclude>
    <ClInclude Include="MapManager.h">
      <Filter>Файлы заголовков</Filter>
    </ClInclude>
    <ClInclude Include="Movable.h">
      <Filter>Файлы заголовков</Filter>
    </ClInclude>
    <ClInclude Include="Pea.h">
      <Filter>Файлы заголовков</Filter>
    </ClInclude>
    <ClInclude Include="PeaShooter.h">
      <Filter>Файлы заголовков</Filter>
    </ClInclude>
    <ClInclude Include="Plant.h">
      <Filter>Файлы заголовков</Filter>
    </ClInclude>
    <ClInclude Include="PoleZombie.h">
      <Filter>Файлы заголовков</Filter>
    </ClInclude>
    <ClInclude Include="PotatoBoom.h">
      <Filter>Файлы заголовков</Filter>
    </ClInclude>
    <ClInclude Include="PotatoMine.h">
      <Filter>Файлы заголовков</Filter>
    </ClInclude>
    <ClInclude Include="resource.h">
      <Filter>Файлы заголовков</Filter>
    </ClInclude>
    <ClInclude Include="Shot.h">
      <Filter>Файлы заголовков</Filter>
    </ClInclude>
    <ClInclude Include="Sun.h">
      <Filter>Файлы заголовков</Filter>
    </ClInclude>
    <ClInclude Include="SunFlower.h">
      <Filter>Файлы заголовков</Filter>
    </ClInclude>
    <ClInclude Include="WallNut.h">
      <Filter>Файлы заголовков</Filter>
    </ClInclude>
    <ClInclude Include="Zombie.h">
      <Filter>Файлы заголовков</Filter>
    </ClInclude>
  </ItemGroup>
  <ItemGroup>
    <ResourceCompile Include="PlantVSZombie.rc">
      <Filter>Файлы ресурсов</Filter>
    </ResourceCompile>
  </ItemGroup>
</Project>